
Microsoft Visual Studio Solution File, Format Version 12.00
# Visual Studio 15
VisualStudioVersion = 15.0.28307.329
MinimumVisualStudioVersion = 10.0.40219.1
Project("{FAE04EC0-301F-11D3-BF4B-00C04F79EFBC}") = "SPC", "SPC\SPC.csproj", "{4FE307CD-04FF-4668-980D-BCE4881C9B73}"
EndProject
Project("{FAE04EC0-301F-11D3-BF4B-00C04F79EFBC}") = "SPCNUnit", "SPCNUnit\SPCNUnit.csproj", "{C55CB2DC-8FD8-4F2A-831F-412BF26CB2AD}"
EndProject
Global
	GlobalSection(SolutionConfigurationPlatforms) = preSolution
		Debug|Any CPU = Debug|Any CPU
		Release|Any CPU = Release|Any CPU
	EndGlobalSection
	GlobalSection(ProjectConfigurationPlatforms) = postSolution
		{4FE307CD-04FF-4668-980D-BCE4881C9B73}.Debug|Any CPU.ActiveCfg = Debug|Any CPU
		{4FE307CD-04FF-4668-980D-BCE4881C9B73}.Debug|Any CPU.Build.0 = Debug|Any CPU
		{4FE307CD-04FF-4668-980D-BCE4881C9B73}.Release|Any CPU.ActiveCfg = Release|Any CPU
		{4FE307CD-04FF-4668-980D-BCE4881C9B73}.Release|Any CPU.Build.0 = Release|Any CPU
		{C55CB2DC-8FD8-4F2A-831F-412BF26CB2AD}.Debug|Any CPU.ActiveCfg = Debug|Any CPU
		{C55CB2DC-8FD8-4F2A-831F-412BF26CB2AD}.Debug|Any CPU.Build.0 = Debug|Any CPU
		{C55CB2DC-8FD8-4F2A-831F-412BF26CB2AD}.Release|Any CPU.ActiveCfg = Release|Any CPU
		{C55CB2DC-8FD8-4F2A-831F-412BF26CB2AD}.Release|Any CPU.Build.0 = Release|Any CPU
	EndGlobalSection
	GlobalSection(SolutionProperties) = preSolution
		HideSolutionNode = FALSE
	EndGlobalSection
	GlobalSection(ExtensibilityGlobals) = postSolution
		SolutionGuid = {39152AB5-1D65-43FA-9237-A71AA1B2732E}
	EndGlobalSection
EndGlobal
